// !$*UTF8*$!
{
	archiveVersion = 1;
	classes = {
	};
	objectVersion = 51;
	objects = {

/* Begin PBXBuildFile section */
		259FCD6B2622F5920019589B /* GoogleService-Info.plist in Resources */ = {isa = PBXBuildFile; fileRef = 259FCD6A2622F5920019589B /* GoogleService-Info.plist */; };
		25E16DAF26204A4900F51BC6 /* AppDelegate.swift in Sources */ = {isa = PBXBuildFile; fileRef = 25E16DAE26204A4900F51BC6 /* AppDelegate.swift */; };
		25E16DB126204A4900F51BC6 /* SceneDelegate.swift in Sources */ = {isa = PBXBuildFile; fileRef = 25E16DB026204A4900F51BC6 /* SceneDelegate.swift */; };
		25E16DB326204A4900F51BC6 /* ViewController.swift in Sources */ = {isa = PBXBuildFile; fileRef = 25E16DB226204A4900F51BC6 /* ViewController.swift */; };
		25E16DB626204A4900F51BC6 /* Main.storyboard in Resources */ = {isa = PBXBuildFile; fileRef = 25E16DB426204A4900F51BC6 /* Main.storyboard */; };
		25E16DB926204A4900F51BC6 /* Geofencer.xcdatamodeld in Sources */ = {isa = PBXBuildFile; fileRef = 25E16DB726204A4900F51BC6 /* Geofencer.xcdatamodeld */; };
		25E16DBB26204A4A00F51BC6 /* Assets.xcassets in Resources */ = {isa = PBXBuildFile; fileRef = 25E16DBA26204A4A00F51BC6 /* Assets.xcassets */; };
		25E16DBE26204A4A00F51BC6 /* LaunchScreen.storyboard in Resources */ = {isa = PBXBuildFile; fileRef = 25E16DBC26204A4A00F51BC6 /* LaunchScreen.storyboard */; };
		25E16DC926204A4A00F51BC6 /* GeofencerTests.swift in Sources */ = {isa = PBXBuildFile; fileRef = 25E16DC826204A4A00F51BC6 /* GeofencerTests.swift */; };
		25E16DD426204A4A00F51BC6 /* GeofencerUITests.swift in Sources */ = {isa = PBXBuildFile; fileRef = 25E16DD326204A4A00F51BC6 /* GeofencerUITests.swift */; };
		25E16DE52620564A00F51BC6 /* FenceManager.swift in Sources */ = {isa = PBXBuildFile; fileRef = 25E16DE42620564A00F51BC6 /* FenceManager.swift */; };
		25E16DE62620564A00F51BC6 /* FenceManager.swift in Sources */ = {isa = PBXBuildFile; fileRef = 25E16DE42620564A00F51BC6 /* FenceManager.swift */; };
		25E16DF42620A8F800F51BC6 /* DBManager.swift in Sources */ = {isa = PBXBuildFile; fileRef = 25E16DF32620A8F800F51BC6 /* DBManager.swift */; };
		74B2E37F7903474D2A3CCFB4 /* Pods_Geofencer_GeofencerUITests.framework in Frameworks */ = {isa = PBXBuildFile; fileRef = D14368AEF8784A04EC83F977 /* Pods_Geofencer_GeofencerUITests.framework */; };
		BDB198076A304A0405460BB4 /* Pods_GeofencerTests.framework in Frameworks */ = {isa = PBXBuildFile; fileRef = 5FD43676BD9A0BDBDF36C678 /* Pods_GeofencerTests.framework */; };
		F181B728900541C2BF82669D /* Pods_Geofencer.framework in Frameworks */ = {isa = PBXBuildFile; fileRef = 2A59390091F947DC1FFE32F7 /* Pods_Geofencer.framework */; };
/* End PBXBuildFile section */

/* Begin PBXContainerItemProxy section */
		25E16DC526204A4A00F51BC6 /* PBXContainerItemProxy */ = {
			isa = PBXContainerItemProxy;
			containerPortal = 25E16DA326204A4900F51BC6 /* Project object */;
			proxyType = 1;
			remoteGlobalIDString = 25E16DAA26204A4900F51BC6;
			remoteInfo = Geofencer;
		};
		25E16DD026204A4A00F51BC6 /* PBXContainerItemProxy */ = {
			isa = PBXContainerItemProxy;
			containerPortal = 25E16DA326204A4900F51BC6 /* Project object */;
			proxyType = 1;
			remoteGlobalIDString = 25E16DAA26204A4900F51BC6;
			remoteInfo = Geofencer;
		};
/* End PBXContainerItemProxy section */

/* Begin PBXFileReference section */
		22BE9AA8CE84F40D21DD1D5F /* Pods-Geofencer-GeofencerUITests.debug.xcconfig */ = {isa = PBXFileReference; includeInIndex = 1; lastKnownFileType = text.xcconfig; name = "Pods-Geofencer-GeofencerUITests.debug.xcconfig"; path = "Target Support Files/Pods-Geofencer-GeofencerUITests/Pods-Geofencer-GeofencerUITests.debug.xcconfig"; sourceTree = "<group>"; };
		259FCD6A2622F5920019589B /* GoogleService-Info.plist */ = {isa = PBXFileReference; fileEncoding = 4; lastKnownFileType = text.plist.xml; path = "GoogleService-Info.plist"; sourceTree = "<group>"; };
		25E16DAB26204A4900F51BC6 /* Geofencer.app */ = {isa = PBXFileReference; explicitFileType = wrapper.application; includeInIndex = 0; path = Geofencer.app; sourceTree = BUILT_PRODUCTS_DIR; };
		25E16DAE26204A4900F51BC6 /* AppDelegate.swift */ = {isa = PBXFileReference; lastKnownFileType = sourcecode.swift; path = AppDelegate.swift; sourceTree = "<group>"; };
		25E16DB026204A4900F51BC6 /* SceneDelegate.swift */ = {isa = PBXFileReference; lastKnownFileType = sourcecode.swift; path = SceneDelegate.swift; sourceTree = "<group>"; };
		25E16DB226204A4900F51BC6 /* ViewController.swift */ = {isa = PBXFileReference; lastKnownFileType = sourcecode.swift; path = ViewController.swift; sourceTree = "<group>"; };
		25E16DB526204A4900F51BC6 /* Base */ = {isa = PBXFileReference; lastKnownFileType = file.storyboard; name = Base; path = Base.lproj/Main.storyboard; sourceTree = "<group>"; };
		25E16DB826204A4900F51BC6 /* Geofencer.xcdatamodel */ = {isa = PBXFileReference; lastKnownFileType = wrapper.xcdatamodel; path = Geofencer.xcdatamodel; sourceTree = "<group>"; };
		25E16DBA26204A4A00F51BC6 /* Assets.xcassets */ = {isa = PBXFileReference; lastKnownFileType = folder.assetcatalog; path = Assets.xcassets; sourceTree = "<group>"; };
		25E16DBD26204A4A00F51BC6 /* Base */ = {isa = PBXFileReference; lastKnownFileType = file.storyboard; name = Base; path = Base.lproj/LaunchScreen.storyboard; sourceTree = "<group>"; };
		25E16DBF26204A4A00F51BC6 /* Info.plist */ = {isa = PBXFileReference; lastKnownFileType = text.plist.xml; path = Info.plist; sourceTree = "<group>"; };
		25E16DC426204A4A00F51BC6 /* GeofencerTests.xctest */ = {isa = PBXFileReference; explicitFileType = wrapper.cfbundle; includeInIndex = 0; path = GeofencerTests.xctest; sourceTree = BUILT_PRODUCTS_DIR; };
		25E16DC826204A4A00F51BC6 /* GeofencerTests.swift */ = {isa = PBXFileReference; lastKnownFileType = sourcecode.swift; path = GeofencerTests.swift; sourceTree = "<group>"; };
		25E16DCA26204A4A00F51BC6 /* Info.plist */ = {isa = PBXFileReference; lastKnownFileType = text.plist.xml; path = Info.plist; sourceTree = "<group>"; };
		25E16DCF26204A4A00F51BC6 /* GeofencerUITests.xctest */ = {isa = PBXFileReference; explicitFileType = wrapper.cfbundle; includeInIndex = 0; path = GeofencerUITests.xctest; sourceTree = BUILT_PRODUCTS_DIR; };
		25E16DD326204A4A00F51BC6 /* GeofencerUITests.swift */ = {isa = PBXFileReference; lastKnownFileType = sourcecode.swift; path = GeofencerUITests.swift; sourceTree = "<group>"; };
		25E16DD526204A4A00F51BC6 /* Info.plist */ = {isa = PBXFileReference; lastKnownFileType = text.plist.xml; path = Info.plist; sourceTree = "<group>"; };
		25E16DE42620564A00F51BC6 /* FenceManager.swift */ = {isa = PBXFileReference; lastKnownFileType = sourcecode.swift; path = FenceManager.swift; sourceTree = "<group>"; };
		25E16DF32620A8F800F51BC6 /* DBManager.swift */ = {isa = PBXFileReference; lastKnownFileType = sourcecode.swift; path = DBManager.swift; sourceTree = "<group>"; };
		2A59390091F947DC1FFE32F7 /* Pods_Geofencer.framework */ = {isa = PBXFileReference; explicitFileType = wrapper.framework; includeInIndex = 0; path = Pods_Geofencer.framework; sourceTree = BUILT_PRODUCTS_DIR; };
		339E22015CCA7C02318C095E /* Pods-GeofencerTests.release.xcconfig */ = {isa = PBXFileReference; includeInIndex = 1; lastKnownFileType = text.xcconfig; name = "Pods-GeofencerTests.release.xcconfig"; path = "Target Support Files/Pods-GeofencerTests/Pods-GeofencerTests.release.xcconfig"; sourceTree = "<group>"; };
		5FD43676BD9A0BDBDF36C678 /* Pods_GeofencerTests.framework */ = {isa = PBXFileReference; explicitFileType = wrapper.framework; includeInIndex = 0; path = Pods_GeofencerTests.framework; sourceTree = BUILT_PRODUCTS_DIR; };
		7C8BFD0B1B5865EAF2A7C801 /* Pods-Geofencer.release.xcconfig */ = {isa = PBXFileReference; includeInIndex = 1; lastKnownFileType = text.xcconfig; name = "Pods-Geofencer.release.xcconfig"; path = "Target Support Files/Pods-Geofencer/Pods-Geofencer.release.xcconfig"; sourceTree = "<group>"; };
		804886404B973C7DF9243B0E /* Pods-Geofencer.debug.xcconfig */ = {isa = PBXFileReference; includeInIndex = 1; lastKnownFileType = text.xcconfig; name = "Pods-Geofencer.debug.xcconfig"; path = "Target Support Files/Pods-Geofencer/Pods-Geofencer.debug.xcconfig"; sourceTree = "<group>"; };
		A03AFB8B80BDA4E37C959BFD /* Pods-Geofencer-GeofencerUITests.release.xcconfig */ = {isa = PBXFileReference; includeInIndex = 1; lastKnownFileType = text.xcconfig; name = "Pods-Geofencer-GeofencerUITests.release.xcconfig"; path = "Target Support Files/Pods-Geofencer-GeofencerUITests/Pods-Geofencer-GeofencerUITests.release.xcconfig"; sourceTree = "<group>"; };
		A448B72741E535D30039BA85 /* Pods-GeofencerTests.debug.xcconfig */ = {isa = PBXFileReference; includeInIndex = 1; lastKnownFileType = text.xcconfig; name = "Pods-GeofencerTests.debug.xcconfig"; path = "Target Support Files/Pods-GeofencerTests/Pods-GeofencerTests.debug.xcconfig"; sourceTree = "<group>"; };
		D14368AEF8784A04EC83F977 /* Pods_Geofencer_GeofencerUITests.framework */ = {isa = PBXFileReference; explicitFileType = wrapper.framework; includeInIndex = 0; path = Pods_Geofencer_GeofencerUITests.framework; sourceTree = BUILT_PRODUCTS_DIR; };
/* End PBXFileReference section */

/* Begin PBXFrameworksBuildPhase section */
		25E16DA826204A4900F51BC6 /* Frameworks */ = {
			isa = PBXFrameworksBuildPhase;
			buildActionMask = 2147483647;
			files = (
				F181B728900541C2BF82669D /* Pods_Geofencer.framework in Frameworks */,
			);
			runOnlyForDeploymentPostprocessing = 0;
		};
		25E16DC126204A4A00F51BC6 /* Frameworks */ = {
			isa = PBXFrameworksBuildPhase;
			buildActionMask = 2147483647;
			files = (
				BDB198076A304A0405460BB4 /* Pods_GeofencerTests.framework in Frameworks */,
			);
			runOnlyForDeploymentPostprocessing = 0;
		};
		25E16DCC26204A4A00F51BC6 /* Frameworks */ = {
			isa = PBXFrameworksBuildPhase;
			buildActionMask = 2147483647;
			files = (
				74B2E37F7903474D2A3CCFB4 /* Pods_Geofencer_GeofencerUITests.framework in Frameworks */,
			);
			runOnlyForDeploymentPostprocessing = 0;
		};
/* End PBXFrameworksBuildPhase section */

/* Begin PBXGroup section */
		25E16DA226204A4900F51BC6 = {
			isa = PBXGroup;
			children = (
				25E16DAD26204A4900F51BC6 /* Geofencer */,
				25E16DC726204A4A00F51BC6 /* GeofencerTests */,
				25E16DD226204A4A00F51BC6 /* GeofencerUITests */,
				25E16DAC26204A4900F51BC6 /* Products */,
				7A68516BFE0BA50FEE963F33 /* Pods */,
				E489F4F3252A4AAECE4438B3 /* Frameworks */,
			);
			sourceTree = "<group>";
		};
		25E16DAC26204A4900F51BC6 /* Products */ = {
			isa = PBXGroup;
			children = (
				25E16DAB26204A4900F51BC6 /* Geofencer.app */,
				25E16DC426204A4A00F51BC6 /* GeofencerTests.xctest */,
				25E16DCF26204A4A00F51BC6 /* GeofencerUITests.xctest */,
			);
			name = Products;
			sourceTree = "<group>";
		};
		25E16DAD26204A4900F51BC6 /* Geofencer */ = {
			isa = PBXGroup;
			children = (
				25E16DAE26204A4900F51BC6 /* AppDelegate.swift */,
				25E16DB026204A4900F51BC6 /* SceneDelegate.swift */,
				25E16DF32620A8F800F51BC6 /* DBManager.swift */,
				259FCD6A2622F5920019589B /* GoogleService-Info.plist */,
				25E16DB226204A4900F51BC6 /* ViewController.swift */,
				25E16DB426204A4900F51BC6 /* Main.storyboard */,
				25E16DBA26204A4A00F51BC6 /* Assets.xcassets */,
				25E16DBC26204A4A00F51BC6 /* LaunchScreen.storyboard */,
				25E16DE42620564A00F51BC6 /* FenceManager.swift */,
				25E16DBF26204A4A00F51BC6 /* Info.plist */,
				25E16DB726204A4900F51BC6 /* Geofencer.xcdatamodeld */,
			);
			path = Geofencer;
			sourceTree = "<group>";
		};
		25E16DC726204A4A00F51BC6 /* GeofencerTests */ = {
			isa = PBXGroup;
			children = (
				25E16DC826204A4A00F51BC6 /* GeofencerTests.swift */,
				25E16DCA26204A4A00F51BC6 /* Info.plist */,
			);
			path = GeofencerTests;
			sourceTree = "<group>";
		};
		25E16DD226204A4A00F51BC6 /* GeofencerUITests */ = {
			isa = PBXGroup;
			children = (
				25E16DD326204A4A00F51BC6 /* GeofencerUITests.swift */,
				25E16DD526204A4A00F51BC6 /* Info.plist */,
			);
			path = GeofencerUITests;
			sourceTree = "<group>";
		};
		7A68516BFE0BA50FEE963F33 /* Pods */ = {
			isa = PBXGroup;
			children = (
				804886404B973C7DF9243B0E /* Pods-Geofencer.debug.xcconfig */,
				7C8BFD0B1B5865EAF2A7C801 /* Pods-Geofencer.release.xcconfig */,
				22BE9AA8CE84F40D21DD1D5F /* Pods-Geofencer-GeofencerUITests.debug.xcconfig */,
				A03AFB8B80BDA4E37C959BFD /* Pods-Geofencer-GeofencerUITests.release.xcconfig */,
				A448B72741E535D30039BA85 /* Pods-GeofencerTests.debug.xcconfig */,
				339E22015CCA7C02318C095E /* Pods-GeofencerTests.release.xcconfig */,
			);
			path = Pods;
			sourceTree = "<group>";
		};
		E489F4F3252A4AAECE4438B3 /* Frameworks */ = {
			isa = PBXGroup;
			children = (
				2A59390091F947DC1FFE32F7 /* Pods_Geofencer.framework */,
				D14368AEF8784A04EC83F977 /* Pods_Geofencer_GeofencerUITests.framework */,
				5FD43676BD9A0BDBDF36C678 /* Pods_GeofencerTests.framework */,
			);
			name = Frameworks;
			sourceTree = "<group>";
		};
/* End PBXGroup section */

/* Begin PBXNativeTarget section */
		25E16DAA26204A4900F51BC6 /* Geofencer */ = {
			isa = PBXNativeTarget;
			buildConfigurationList = 25E16DD826204A4A00F51BC6 /* Build configuration list for PBXNativeTarget "Geofencer" */;
			buildPhases = (
				9C78F000E86356B89D131FBB /* [CP] Check Pods Manifest.lock */,
				25E16DA726204A4900F51BC6 /* Sources */,
				25E16DA826204A4900F51BC6 /* Frameworks */,
				25E16DA926204A4900F51BC6 /* Resources */,
				8FC1F7589B0EB64CB072DD8E /* [CP] Embed Pods Frameworks */,
				259FCD822622F9DD0019589B /* ShellScript */,
			);
			buildRules = (
			);
			dependencies = (
			);
			name = Geofencer;
			productName = Geofencer;
			productReference = 25E16DAB26204A4900F51BC6 /* Geofencer.app */;
			productType = "com.apple.product-type.application";
		};
		25E16DC326204A4A00F51BC6 /* GeofencerTests */ = {
			isa = PBXNativeTarget;
			buildConfigurationList = 25E16DDB26204A4A00F51BC6 /* Build configuration list for PBXNativeTarget "GeofencerTests" */;
			buildPhases = (
				27296AB5BE1C0FC2B58C9014 /* [CP] Check Pods Manifest.lock */,
				25E16DC026204A4A00F51BC6 /* Sources */,
				25E16DC126204A4A00F51BC6 /* Frameworks */,
				25E16DC226204A4A00F51BC6 /* Resources */,
			);
			buildRules = (
			);
			dependencies = (
				25E16DC626204A4A00F51BC6 /* PBXTargetDependency */,
			);
			name = GeofencerTests;
			productName = GeofencerTests;
			productReference = 25E16DC426204A4A00F51BC6 /* GeofencerTests.xctest */;
			productType = "com.apple.product-type.bundle.unit-test";
		};
		25E16DCE26204A4A00F51BC6 /* GeofencerUITests */ = {
			isa = PBXNativeTarget;
			buildConfigurationList = 25E16DDE26204A4A00F51BC6 /* Build configuration list for PBXNativeTarget "GeofencerUITests" */;
			buildPhases = (
				E8457D57C7C86554770DD6A0 /* [CP] Check Pods Manifest.lock */,
				25E16DCB26204A4A00F51BC6 /* Sources */,
				25E16DCC26204A4A00F51BC6 /* Frameworks */,
				25E16DCD26204A4A00F51BC6 /* Resources */,
				92DC95A9D6962F329B7D18B3 /* [CP] Embed Pods Frameworks */,
			);
			buildRules = (
			);
			dependencies = (
				25E16DD126204A4A00F51BC6 /* PBXTargetDependency */,
			);
			name = GeofencerUITests;
			productName = GeofencerUITests;
			productReference = 25E16DCF26204A4A00F51BC6 /* GeofencerUITests.xctest */;
			productType = "com.apple.product-type.bundle.ui-testing";
		};
/* End PBXNativeTarget section */

/* Begin PBXProject section */
		25E16DA326204A4900F51BC6 /* Project object */ = {
			isa = PBXProject;
			attributes = {
				LastSwiftUpdateCheck = 1210;
				LastUpgradeCheck = 1210;
				TargetAttributes = {
					25E16DAA26204A4900F51BC6 = {
						CreatedOnToolsVersion = 12.1;
					};
					25E16DC326204A4A00F51BC6 = {
						CreatedOnToolsVersion = 12.1;
						TestTargetID = 25E16DAA26204A4900F51BC6;
					};
					25E16DCE26204A4A00F51BC6 = {
						CreatedOnToolsVersion = 12.1;
						TestTargetID = 25E16DAA26204A4900F51BC6;
					};
				};
			};
			buildConfigurationList = 25E16DA626204A4900F51BC6 /* Build configuration list for PBXProject "Geofencer" */;
			compatibilityVersion = "Xcode 9.3";
			developmentRegion = en;
			hasScannedForEncodings = 0;
			knownRegions = (
				en,
				Base,
			);
			mainGroup = 25E16DA226204A4900F51BC6;
			productRefGroup = 25E16DAC26204A4900F51BC6 /* Products */;
			projectDirPath = "";
			projectRoot = "";
			targets = (
				25E16DAA26204A4900F51BC6 /* Geofencer */,
				25E16DC326204A4A00F51BC6 /* GeofencerTests */,
				25E16DCE26204A4A00F51BC6 /* GeofencerUITests */,
			);
		};
/* End PBXProject section */

/* Begin PBXResourcesBuildPhase section */
		25E16DA926204A4900F51BC6 /* Resources */ = {
			isa = PBXResourcesBuildPhase;
			buildActionMask = 2147483647;
			files = (
				25E16DBE26204A4A00F51BC6 /* LaunchScreen.storyboard in Resources */,
				25E16DBB26204A4A00F51BC6 /* Assets.xcassets in Resources */,
				25E16DB626204A4900F51BC6 /* Main.storyboard in Resources */,
				259FCD6B2622F5920019589B /* GoogleService-Info.plist in Resources */,
			);
			runOnlyForDeploymentPostprocessing = 0;
		};
		25E16DC226204A4A00F51BC6 /* Resources */ = {
			isa = PBXResourcesBuildPhase;
			buildActionMask = 2147483647;
			files = (
			);
			runOnlyForDeploymentPostprocessing = 0;
		};
		25E16DCD26204A4A00F51BC6 /* Resources */ = {
			isa = PBXResourcesBuildPhase;
			buildActionMask = 2147483647;
			files = (
			);
			runOnlyForDeploymentPostprocessing = 0;
		};
/* End PBXResourcesBuildPhase section */

/* Begin PBXShellScriptBuildPhase section */
		259FCD822622F9DD0019589B /* ShellScript */ = {
			isa = PBXShellScriptBuildPhase;
			buildActionMask = 2147483647;
			files = (
			);
			inputFileListPaths = (
			);
			inputPaths = (
				"${DWARF_DSYM_FOLDER_PATH}/${DWARF_DSYM_FILE_NAME}/Contents/Resources/DWARF/${TARGET_NAME}",
				"$(SRCROOT)/$(BUILT_PRODUCTS_DIR)/$(INFOPLIST_PATH)",
			);
			outputFileListPaths = (
			);
			outputPaths = (
			);
			runOnlyForDeploymentPostprocessing = 0;
			shellPath = /bin/sh;
			shellScript = "\"${PODS_ROOT}/FirebaseCrashlytics/run\"\n";
		};
		27296AB5BE1C0FC2B58C9014 /* [CP] Check Pods Manifest.lock */ = {
			isa = PBXShellScriptBuildPhase;
			buildActionMask = 2147483647;
			files = (
			);
			inputFileListPaths = (
			);
			inputPaths = (
				"${PODS_PODFILE_DIR_PATH}/Podfile.lock",
				"${PODS_ROOT}/Manifest.lock",
			);
			name = "[CP] Check Pods Manifest.lock";
			outputFileListPaths = (
			);
			outputPaths = (
				"$(DERIVED_FILE_DIR)/Pods-GeofencerTests-checkManifestLockResult.txt",
			);
			runOnlyForDeploymentPostprocessing = 0;
			shellPath = /bin/sh;
			shellScript = "diff \"${PODS_PODFILE_DIR_PATH}/Podfile.lock\" \"${PODS_ROOT}/Manifest.lock\" > /dev/null\nif [ $? != 0 ] ; then\n    # print error to STDERR\n    echo \"error: The sandbox is not in sync with the Podfile.lock. Run 'pod install' or update your CocoaPods installation.\" >&2\n    exit 1\nfi\n# This output is used by Xcode 'outputs' to avoid re-running this script phase.\necho \"SUCCESS\" > \"${SCRIPT_OUTPUT_FILE_0}\"\n";
			showEnvVarsInLog = 0;
		};
		8FC1F7589B0EB64CB072DD8E /* [CP] Embed Pods Frameworks */ = {
			isa = PBXShellScriptBuildPhase;
			buildActionMask = 2147483647;
			files = (
			);
			inputFileListPaths = (
				"${PODS_ROOT}/Target Support Files/Pods-Geofencer/Pods-Geofencer-frameworks-${CONFIGURATION}-input-files.xcfilelist",
			);
			name = "[CP] Embed Pods Frameworks";
			outputFileListPaths = (
				"${PODS_ROOT}/Target Support Files/Pods-Geofencer/Pods-Geofencer-frameworks-${CONFIGURATION}-output-files.xcfilelist",
			);
			runOnlyForDeploymentPostprocessing = 0;
			shellPath = /bin/sh;
			shellScript = "\"${PODS_ROOT}/Target Support Files/Pods-Geofencer/Pods-Geofencer-frameworks.sh\"\n";
			showEnvVarsInLog = 0;
		};
		92DC95A9D6962F329B7D18B3 /* [CP] Embed Pods Frameworks */ = {
			isa = PBXShellScriptBuildPhase;
			buildActionMask = 2147483647;
			files = (
			);
			inputFileListPaths = (
				"${PODS_ROOT}/Target Support Files/Pods-Geofencer-GeofencerUITests/Pods-Geofencer-GeofencerUITests-frameworks-${CONFIGURATION}-input-files.xcfilelist",
			);
			name = "[CP] Embed Pods Frameworks";
			outputFileListPaths = (
				"${PODS_ROOT}/Target Support Files/Pods-Geofencer-GeofencerUITests/Pods-Geofencer-GeofencerUITests-frameworks-${CONFIGURATION}-output-files.xcfilelist",
			);
			runOnlyForDeploymentPostprocessing = 0;
			shellPath = /bin/sh;
			shellScript = "\"${PODS_ROOT}/Target Support Files/Pods-Geofencer-GeofencerUITests/Pods-Geofencer-GeofencerUITests-frameworks.sh\"\n";
			showEnvVarsInLog = 0;
		};
		9C78F000E86356B89D131FBB /* [CP] Check Pods Manifest.lock */ = {
			isa = PBXShellScriptBuildPhase;
			buildActionMask = 2147483647;
			files = (
			);
			inputFileListPaths = (
			);
			inputPaths = (
				"${PODS_PODFILE_DIR_PATH}/Podfile.lock",
				"${PODS_ROOT}/Manifest.lock",
			);
			name = "[CP] Check Pods Manifest.lock";
			outputFileListPaths = (
			);
			outputPaths = (
				"$(DERIVED_FILE_DIR)/Pods-Geofencer-checkManifestLockResult.txt",
			);
			runOnlyForDeploymentPostprocessing = 0;
			shellPath = /bin/sh;
			shellScript = "diff \"${PODS_PODFILE_DIR_PATH}/Podfile.lock\" \"${PODS_ROOT}/Manifest.lock\" > /dev/null\nif [ $? != 0 ] ; then\n    # print error to STDERR\n    echo \"error: The sandbox is not in sync with the Podfile.lock. Run 'pod install' or update your CocoaPods installation.\" >&2\n    exit 1\nfi\n# This output is used by Xcode 'outputs' to avoid re-running this script phase.\necho \"SUCCESS\" > \"${SCRIPT_OUTPUT_FILE_0}\"\n";
			showEnvVarsInLog = 0;
		};
		E8457D57C7C86554770DD6A0 /* [CP] Check Pods Manifest.lock */ = {
			isa = PBXShellScriptBuildPhase;
			buildActionMask = 2147483647;
			files = (
			);
			inputFileListPaths = (
			);
			inputPaths = (
				"${PODS_PODFILE_DIR_PATH}/Podfile.lock",
				"${PODS_ROOT}/Manifest.lock",
			);
			name = "[CP] Check Pods Manifest.lock";
			outputFileListPaths = (
			);
			outputPaths = (
				"$(DERIVED_FILE_DIR)/Pods-Geofencer-GeofencerUITests-checkManifestLockResult.txt",
			);
			runOnlyForDeploymentPostprocessing = 0;
			shellPath = /bin/sh;
			shellScript = "diff \"${PODS_PODFILE_DIR_PATH}/Podfile.lock\" \"${PODS_ROOT}/Manifest.lock\" > /dev/null\nif [ $? != 0 ] ; then\n    # print error to STDERR\n    echo \"error: The sandbox is not in sync with the Podfile.lock. Run 'pod install' or update your CocoaPods installation.\" >&2\n    exit 1\nfi\n# This output is used by Xcode 'outputs' to avoid re-running this script phase.\necho \"SUCCESS\" > \"${SCRIPT_OUTPUT_FILE_0}\"\n";
			showEnvVarsInLog = 0;
		};
/* End PBXShellScriptBuildPhase section */

/* Begin PBXSourcesBuildPhase section */
		25E16DA726204A4900F51BC6 /* Sources */ = {
			isa = PBXSourcesBuildPhase;
			buildActionMask = 2147483647;
			files = (
				25E16DB926204A4900F51BC6 /* Geofencer.xcdatamodeld in Sources */,
				25E16DF42620A8F800F51BC6 /* DBManager.swift in Sources */,
				25E16DB326204A4900F51BC6 /* ViewController.swift in Sources */,
				25E16DE52620564A00F51BC6 /* FenceManager.swift in Sources */,
				25E16DAF26204A4900F51BC6 /* AppDelegate.swift in Sources */,
				25E16DB126204A4900F51BC6 /* SceneDelegate.swift in Sources */,
			);
			runOnlyForDeploymentPostprocessing = 0;
		};
		25E16DC026204A4A00F51BC6 /* Sources */ = {
			isa = PBXSourcesBuildPhase;
			buildActionMask = 2147483647;
			files = (
				25E16DE62620564A00F51BC6 /* FenceManager.swift in Sources */,
				25E16DC926204A4A00F51BC6 /* GeofencerTests.swift in Sources */,
			);
			runOnlyForDeploymentPostprocessing = 0;
		};
		25E16DCB26204A4A00F51BC6 /* Sources */ = {
			isa = PBXSourcesBuildPhase;
			buildActionMask = 2147483647;
			files = (
				25E16DD426204A4A00F51BC6 /* GeofencerUITests.swift in Sources */,
			);
			runOnlyForDeploymentPostprocessing = 0;
		};
/* End PBXSourcesBuildPhase section */

/* Begin PBXTargetDependency section */
		25E16DC626204A4A00F51BC6 /* PBXTargetDependency */ = {
			isa = PBXTargetDependency;
			target = 25E16DAA26204A4900F51BC6 /* Geofencer */;
			targetProxy = 25E16DC526204A4A00F51BC6 /* PBXContainerItemProxy */;
		};
		25E16DD126204A4A00F51BC6 /* PBXTargetDependency */ = {
			isa = PBXTargetDependency;
			target = 25E16DAA26204A4900F51BC6 /* Geofencer */;
			targetProxy = 25E16DD026204A4A00F51BC6 /* PBXContainerItemProxy */;
		};
/* End PBXTargetDependency section */

/* Begin PBXVariantGroup section */
		25E16DB426204A4900F51BC6 /* Main.storyboard */ = {
			isa = PBXVariantGroup;
			children = (
				25E16DB526204A4900F51BC6 /* Base */,
			);
			name = Main.storyboard;
			sourceTree = "<group>";
		};
		25E16DBC26204A4A00F51BC6 /* LaunchScreen.storyboard */ = {
			isa = PBXVariantGroup;
			children = (
				25E16DBD26204A4A00F51BC6 /* Base */,
			);
			name = LaunchScreen.storyboard;
			sourceTree = "<group>";
		};
/* End PBXVariantGroup section */

/* Begin XCBuildConfiguration section */
		25E16DD626204A4A00F51BC6 /* Debug */ = {
			isa = XCBuildConfiguration;
			buildSettings = {
				ALWAYS_SEARCH_USER_PATHS = NO;
				CLANG_ANALYZER_NONNULL = YES;
				CLANG_ANALYZER_NUMBER_OBJECT_CONVERSION = YES_AGGRESSIVE;
				CLANG_CXX_LANGUAGE_STANDARD = "gnu++14";
				CLANG_CXX_LIBRARY = "libc++";
				CLANG_ENABLE_MODULES = YES;
				CLANG_ENABLE_OBJC_ARC = YES;
				CLANG_ENABLE_OBJC_WEAK = YES;
				CLANG_WARN_BLOCK_CAPTURE_AUTORELEASING = YES;
				CLANG_WARN_BOOL_CONVERSION = YES;
				CLANG_WARN_COMMA = YES;
				CLANG_WARN_CONSTANT_CONVERSION = YES;
				CLANG_WARN_DEPRECATED_OBJC_IMPLEMENTATIONS = YES;
				CLANG_WARN_DIRECT_OBJC_ISA_USAGE = YES_ERROR;
				CLANG_WARN_DOCUMENTATION_COMMENTS = YES;
				CLANG_WARN_EMPTY_BODY = YES;
				CLANG_WARN_ENUM_CONVERSION = YES;
				CLANG_WARN_INFINITE_RECURSION = YES;
				CLANG_WARN_INT_CONVERSION = YES;
				CLANG_WARN_NON_LITERAL_NULL_CONVERSION = YES;
				CLANG_WARN_OBJC_IMPLICIT_RETAIN_SELF = YES;
				CLANG_WARN_OBJC_LITERAL_CONVERSION = YES;
				CLANG_WARN_OBJC_ROOT_CLASS = YES_ERROR;
				CLANG_WARN_QUOTED_INCLUDE_IN_FRAMEWORK_HEADER = YES;
				CLANG_WARN_RANGE_LOOP_ANALYSIS = YES;
				CLANG_WARN_STRICT_PROTOTYPES = YES;
				CLANG_WARN_SUSPICIOUS_MOVE = YES;
				CLANG_WARN_UNGUARDED_AVAILABILITY = YES_AGGRESSIVE;
				CLANG_WARN_UNREACHABLE_CODE = YES;
				CLANG_WARN__DUPLICATE_METHOD_MATCH = YES;
				COPY_PHASE_STRIP = NO;
				DEBUG_INFORMATION_FORMAT = dwarf;
				ENABLE_STRICT_OBJC_MSGSEND = YES;
				ENABLE_TESTABILITY = YES;
				GCC_C_LANGUAGE_STANDARD = gnu11;
				GCC_DYNAMIC_NO_PIC = NO;
				GCC_NO_COMMON_BLOCKS = YES;
				GCC_OPTIMIZATION_LEVEL = 0;
				GCC_PREPROCESSOR_DEFINITIONS = (
					"DEBUG=1",
					"$(inherited)",
				);
				GCC_WARN_64_TO_32_BIT_CONVERSION = YES;
				GCC_WARN_ABOUT_RETURN_TYPE = YES_ERROR;
				GCC_WARN_UNDECLARED_SELECTOR = YES;
				GCC_WARN_UNINITIALIZED_AUTOS = YES_AGGRESSIVE;
				GCC_WARN_UNUSED_FUNCTION = YES;
				GCC_WARN_UNUSED_VARIABLE = YES;
				IPHONEOS_DEPLOYMENT_TARGET = 14.1;
				MTL_ENABLE_DEBUG_INFO = INCLUDE_SOURCE;
				MTL_FAST_MATH = YES;
				ONLY_ACTIVE_ARCH = YES;
				SDKROOT = iphoneos;
				SWIFT_ACTIVE_COMPILATION_CONDITIONS = DEBUG;
				SWIFT_OPTIMIZATION_LEVEL = "-Onone";
			};
			name = Debug;
		};
		25E16DD726204A4A00F51BC6 /* Release */ = {
			isa = XCBuildConfiguration;
			buildSettings = {
				ALWAYS_SEARCH_USER_PATHS = NO;
				CLANG_ANALYZER_NONNULL = YES;
				CLANG_ANALYZER_NUMBER_OBJECT_CONVERSION = YES_AGGRESSIVE;
				CLANG_CXX_LANGUAGE_STANDARD = "gnu++14";
				CLANG_CXX_LIBRARY = "libc++";
				CLANG_ENABLE_MODULES = YES;
				CLANG_ENABLE_OBJC_ARC = YES;
				CLANG_ENABLE_OBJC_WEAK = YES;
				CLANG_WARN_BLOCK_CAPTURE_AUTORELEASING = YES;
				CLANG_WARN_BOOL_CONVERSION = YES;
				CLANG_WARN_COMMA = YES;
				CLANG_WARN_CONSTANT_CONVERSION = YES;
				CLANG_WARN_DEPRECATED_OBJC_IMPLEMENTATIONS = YES;
				CLANG_WARN_DIRECT_OBJC_ISA_USAGE = YES_ERROR;
				CLANG_WARN_DOCUMENTATION_COMMENTS = YES;
				CLANG_WARN_EMPTY_BODY = YES;
				CLANG_WARN_ENUM_CONVERSION = YES;
				CLANG_WARN_INFINITE_RECURSION = YES;
				CLANG_WARN_INT_CONVERSION = YES;
				CLANG_WARN_NON_LITERAL_NULL_CONVERSION = YES;
				CLANG_WARN_OBJC_IMPLICIT_RETAIN_SELF = YES;
				CLANG_WARN_OBJC_LITERAL_CONVERSION = YES;
				CLANG_WARN_OBJC_ROOT_CLASS = YES_ERROR;
				CLANG_WARN_QUOTED_INCLUDE_IN_FRAMEWORK_HEADER = YES;
				CLANG_WARN_RANGE_LOOP_ANALYSIS = YES;
				CLANG_WARN_STRICT_PROTOTYPES = YES;
				CLANG_WARN_SUSPICIOUS_MOVE = YES;
				CLANG_WARN_UNGUARDED_AVAILABILITY = YES_AGGRESSIVE;
				CLANG_WARN_UNREACHABLE_CODE = YES;
				CLANG_WARN__DUPLICATE_METHOD_MATCH = YES;
				COPY_PHASE_STRIP = NO;
				DEBUG_INFORMATION_FORMAT = "dwarf-with-dsym";
				ENABLE_NS_ASSERTIONS = NO;
				ENABLE_STRICT_OBJC_MSGSEND = YES;
				GCC_C_LANGUAGE_STANDARD = gnu11;
				GCC_NO_COMMON_BLOCKS = YES;
				GCC_WARN_64_TO_32_BIT_CONVERSION = YES;
				GCC_WARN_ABOUT_RETURN_TYPE = YES_ERROR;
				GCC_WARN_UNDECLARED_SELECTOR = YES;
				GCC_WARN_UNINITIALIZED_AUTOS = YES_AGGRESSIVE;
				GCC_WARN_UNUSED_FUNCTION = YES;
				GCC_WARN_UNUSED_VARIABLE = YES;
				IPHONEOS_DEPLOYMENT_TARGET = 14.1;
				MTL_ENABLE_DEBUG_INFO = NO;
				MTL_FAST_MATH = YES;
				SDKROOT = iphoneos;
				SWIFT_COMPILATION_MODE = wholemodule;
				SWIFT_OPTIMIZATION_LEVEL = "-O";
				VALIDATE_PRODUCT = YES;
			};
			name = Release;
		};
		25E16DD926204A4A00F51BC6 /* Debug */ = {
			isa = XCBuildConfiguration;
			baseConfigurationReference = 804886404B973C7DF9243B0E /* Pods-Geofencer.debug.xcconfig */;
			buildSettings = {
				ASSETCATALOG_COMPILER_APPICON_NAME = AppIcon;
				ASSETCATALOG_COMPILER_GLOBAL_ACCENT_COLOR_NAME = AccentColor;
				CODE_SIGN_STYLE = Automatic;
				DEVELOPMENT_TEAM = 9329W2DN72;
				INFOPLIST_FILE = Geofencer/Info.plist;
				LD_RUNPATH_SEARCH_PATHS = (
					"$(inherited)",
					"@executable_path/Frameworks",
				);
				PRODUCT_BUNDLE_IDENTIFIER = com.karthik.Geofencer;
				PRODUCT_NAME = "$(TARGET_NAME)";
				SWIFT_VERSION = 5.0;
				TARGETED_DEVICE_FAMILY = "1,2";
			};
			name = Debug;
		};
		25E16DDA26204A4A00F51BC6 /* Release */ = {
			isa = XCBuildConfiguration;
			baseConfigurationReference = 7C8BFD0B1B5865EAF2A7C801 /* Pods-Geofencer.release.xcconfig */;
			buildSettings = {
				ASSETCATALOG_COMPILER_APPICON_NAME = AppIcon;
				ASSETCATALOG_COMPILER_GLOBAL_ACCENT_COLOR_NAME = AccentColor;
				CODE_SIGN_STYLE = Automatic;
				DEVELOPMENT_TEAM = 9329W2DN72;
				INFOPLIST_FILE = Geofencer/Info.plist;
				LD_RUNPATH_SEARCH_PATHS = (
					"$(inherited)",
					"@executable_path/Frameworks",
				);
				PRODUCT_BUNDLE_IDENTIFIER = com.karthik.Geofencer;
				PRODUCT_NAME = "$(TARGET_NAME)";
				SWIFT_VERSION = 5.0;
				TARGETED_DEVICE_FAMILY = "1,2";
			};
			name = Release;
		};
		25E16DDC26204A4A00F51BC6 /* Debug */ = {
			isa = XCBuildConfiguration;
			baseConfigurationReference = A448B72741E535D30039BA85 /* Pods-GeofencerTests.debug.xcconfig */;
			buildSettings = {
				ALWAYS_EMBED_SWIFT_STANDARD_LIBRARIES = YES;
				BUNDLE_LOADER = "$(TEST_HOST)";
				CODE_SIGN_STYLE = Automatic;
				DEVELOPMENT_TEAM = 9329W2DN72;
				INFOPLIST_FILE = GeofencerTests/Info.plist;
				IPHONEOS_DEPLOYMENT_TARGET = 14.1;
				LD_RUNPATH_SEARCH_PATHS = (
					"$(inherited)",
					"@executable_path/Frameworks",
					"@loader_path/Frameworks",
				);
				PRODUCT_BUNDLE_IDENTIFIER = com.duxetech.GeofencerTests;
				PRODUCT_NAME = "$(TARGET_NAME)";
				SWIFT_VERSION = 5.0;
				TARGETED_DEVICE_FAMILY = "1,2";
				TEST_HOST = "$(BUILT_PRODUCTS_DIR)/Geofencer.app/Geofencer";
			};
			name = Debug;
		};
		25E16DDD26204A4A00F51BC6 /* Release */ = {
			isa = XCBuildConfiguration;
			baseConfigurationReference = 339E22015CCA7C02318C095E /* Pods-GeofencerTests.release.xcconfig */;
			buildSettings = {
				ALWAYS_EMBED_SWIFT_STANDARD_LIBRARIES = YES;
				BUNDLE_LOADER = "$(TEST_HOST)";
				CODE_SIGN_STYLE = Automatic;
				DEVELOPMENT_TEAM = 9329W2DN72;
				INFOPLIST_FILE = GeofencerTests/Info.plist;
				IPHONEOS_DEPLOYMENT_TARGET = 14.1;
				LD_RUNPATH_SEARCH_PATHS = (
					"$(inherited)",
					"@executable_path/Frameworks",
					"@loader_path/Frameworks",
				);
				PRODUCT_BUNDLE_IDENTIFIER = com.duxetech.GeofencerTests;
				PRODUCT_NAME = "$(TARGET_NAME)";
				SWIFT_VERSION = 5.0;
				TARGETED_DEVICE_FAMILY = "1,2";
				TEST_HOST = "$(BUILT_PRODUCTS_DIR)/Geofencer.app/Geofencer";
			};
			name = Release;
		};
		25E16DDF26204A4A00F51BC6 /* Debug */ = {
			isa = XCBuildConfiguration;
			baseConfigurationReference = 22BE9AA8CE84F40D21DD1D5F /* Pods-Geofencer-GeofencerUITests.debug.xcconfig */;
			buildSettings = {
				ALWAYS_EMBED_SWIFT_STANDARD_LIBRARIES = YES;
				CODE_SIGN_STYLE = Automatic;
				DEVELOPMENT_TEAM = 9329W2DN72;
				INFOPLIST_FILE = GeofencerUITests/Info.plist;
				LD_RUNPATH_SEARCH_PATHS = (
					"$(inherited)",
					"@executable_path/Frameworks",
					"@loader_path/Frameworks",
				);
				PRODUCT_BUNDLE_IDENTIFIER = com.duxetech.GeofencerUITests;
				PRODUCT_NAME = "$(TARGET_NAME)";
				SWIFT_VERSION = 5.0;
				TARGETED_DEVICE_FAMILY = "1,2";
				TEST_TARGET_NAME = Geofencer;
			};
			name = Debug;
		};
		25E16DE026204A4A00F51BC6 /* Release */ = {
			isa = XCBuildConfiguration;
			baseConfigurationReference = A03AFB8B80BDA4E37C959BFD /* Pods-Geofencer-GeofencerUITests.release.xcconfig */;
			buildSettings = {
				ALWAYS_EMBED_SWIFT_STANDARD_LIBRARIES = YES;
				CODE_SIGN_STYLE = Automatic;
				DEVELOPMENT_TEAM = 9329W2DN72;
				INFOPLIST_FILE = GeofencerUITests/Info.plist;
				LD_RUNPATH_SEARCH_PATHS = (
					"$(inherited)",
					"@executable_path/Frameworks",
					"@loader_path/Frameworks",
				);
				PRODUCT_BUNDLE_IDENTIFIER = com.duxetech.GeofencerUITests;
				PRODUCT_NAME = "$(TARGET_NAME)";
				SWIFT_VERSION = 5.0;
				TARGETED_DEVICE_FAMILY = "1,2";
				TEST_TARGET_NAME = Geofencer;
			};
			name = Release;
		};
/* End XCBuildConfiguration section */

/* Begin XCConfigurationList section */
		25E16DA626204A4900F51BC6 /* Build configuration list for PBXProject "Geofencer" */ = {
			isa = XCConfigurationList;
			buildConfigurations = (
				25E16DD626204A4A00F51BC6 /* Debug */,
				25E16DD726204A4A00F51BC6 /* Release */,
			);
			defaultConfigurationIsVisible = 0;
			defaultConfigurationName = Release;
		};
		25E16DD826204A4A00F51BC6 /* Build configuration list for PBXNativeTarget "Geofencer" */ = {
			isa = XCConfigurationList;
			buildConfigurations = (
				25E16DD926204A4A00F51BC6 /* Debug */,
				25E16DDA26204A4A00F51BC6 /* Release */,
			);
			defaultConfigurationIsVisible = 0;
			defaultConfigurationName = Release;
		};
		25E16DDB26204A4A00F51BC6 /* Build configuration list for PBXNativeTarget "GeofencerTests" */ = {
			isa = XCConfigurationList;
			buildConfigurations = (
				25E16DDC26204A4A00F51BC6 /* Debug */,
				25E16DDD26204A4A00F51BC6 /* Release */,
			);
			defaultConfigurationIsVisible = 0;
			defaultConfigurationName = Release;
		};
		25E16DDE26204A4A00F51BC6 /* Build configuration list for PBXNativeTarget "GeofencerUITests" */ = {
			isa = XCConfigurationList;
			buildConfigurations = (
				25E16DDF26204A4A00F51BC6 /* Debug */,
				25E16DE026204A4A00F51BC6 /* Release */,
			);
			defaultConfigurationIsVisible = 0;
			defaultConfigurationName = Release;
		};
/* End XCConfigurationList section */

/* Begin XCVersionGroup section */
		25E16DB726204A4900F51BC6 /* Geofencer.xcdatamodeld */ = {
			isa = XCVersionGroup;
			children = (
				25E16DB826204A4900F51BC6 /* Geofencer.xcdatamodel */,
			);
			currentVersion = 25E16DB826204A4900F51BC6 /* Geofencer.xcdatamodel */;
			path = Geofencer.xcdatamodeld;
			sourceTree = "<group>";
			versionGroupType = wrapper.xcdatamodel;
		};
/* End XCVersionGroup section */
	};
	rootObject = 25E16DA326204A4900F51BC6 /* Project object */;
}
